
Microsoft Visual Studio Solution File, Format Version 12.00
# Visual Studio Version 17
VisualStudioVersion = 17.7.34031.279
MinimumVisualStudioVersion = 10.0.40219.1
Project("{FAE04EC0-301F-11D3-BF4B-00C04F79EFBC}") = "Quiz Game", "Quiz Game\Quiz Game.csproj", "{D264AA28-86DD-4264-9103-D0245C167018}"
EndProject
Global
	GlobalSection(SolutionConfigurationPlatforms) = preSolution
		Debug|Any CPU = Debug|Any CPU
		Release|Any CPU = Release|Any CPU
	EndGlobalSection
	GlobalSection(ProjectConfigurationPlatforms) = postSolution
		{D264AA28-86DD-4264-9103-D0245C167018}.Debug|Any CPU.ActiveCfg = Debug|Any CPU
		{D264AA28-86DD-4264-9103-D0245C167018}.Debug|Any CPU.Build.0 = Debug|Any CPU
		{D264AA28-86DD-4264-9103-D0245C167018}.Release|Any CPU.ActiveCfg = Release|Any CPU
		{D264AA28-86DD-4264-9103-D0245C167018}.Release|Any CPU.Build.0 = Release|Any CPU
	EndGlobalSection
	GlobalSection(SolutionProperties) = preSolution
		HideSolutionNode = FALSE
	EndGlobalSection
	GlobalSection(ExtensibilityGlobals) = postSolution
		SolutionGuid = {FBB93DE6-37D6-4F48-9C59-0359522D3E1D}
	EndGlobalSection
EndGlobal
